
Microsoft Visual Studio Solution File, Format Version 12.00
# Visual Studio 15
VisualStudioVersion = 15.0.28307.329
MinimumVisualStudioVersion = 10.0.40219.1
Project("{FAE04EC0-301F-11D3-BF4B-00C04F79EFBC}") = "Bitrix24", "Bitrix24\Bitrix24.csproj", "{55D0E99D-A398-40B0-B5DE-56129F973F54}"
EndProject
Project("{FAE04EC0-301F-11D3-BF4B-00C04F79EFBC}") = "Bitrix24Tests", "Bitrix24Tests\Bitrix24Tests.csproj", "{763524AA-3777-4D47-9997-4123DA05FCFA}"
EndProject
Project("{FAE04EC0-301F-11D3-BF4B-00C04F79EFBC}") = "Bitrix24.Core", "Bitrix24.Core\Bitrix24.Core.csproj", "{B273D076-E634-481D-85C6-CC4B0EA3BD97}"
EndProject
Global
	GlobalSection(SolutionConfigurationPlatforms) = preSolution
		Debug|Any CPU = Debug|Any CPU
		Release|Any CPU = Release|Any CPU
	EndGlobalSection
	GlobalSection(ProjectConfigurationPlatforms) = postSolution
		{55D0E99D-A398-40B0-B5DE-56129F973F54}.Debug|Any CPU.ActiveCfg = Debug|Any CPU
		{55D0E99D-A398-40B0-B5DE-56129F973F54}.Debug|Any CPU.Build.0 = Debug|Any CPU
		{55D0E99D-A398-40B0-B5DE-56129F973F54}.Release|Any CPU.ActiveCfg = Release|Any CPU
		{55D0E99D-A398-40B0-B5DE-56129F973F54}.Release|Any CPU.Build.0 = Release|Any CPU
		{763524AA-3777-4D47-9997-4123DA05FCFA}.Debug|Any CPU.ActiveCfg = Debug|Any CPU
		{763524AA-3777-4D47-9997-4123DA05FCFA}.Debug|Any CPU.Build.0 = Debug|Any CPU
		{763524AA-3777-4D47-9997-4123DA05FCFA}.Release|Any CPU.ActiveCfg = Release|Any CPU
		{763524AA-3777-4D47-9997-4123DA05FCFA}.Release|Any CPU.Build.0 = Release|Any CPU
		{B273D076-E634-481D-85C6-CC4B0EA3BD97}.Debug|Any CPU.ActiveCfg = Debug|Any CPU
		{B273D076-E634-481D-85C6-CC4B0EA3BD97}.Debug|Any CPU.Build.0 = Debug|Any CPU
		{B273D076-E634-481D-85C6-CC4B0EA3BD97}.Release|Any CPU.ActiveCfg = Release|Any CPU
		{B273D076-E634-481D-85C6-CC4B0EA3BD97}.Release|Any CPU.Build.0 = Release|Any CPU
	EndGlobalSection
	GlobalSection(SolutionProperties) = preSolution
		HideSolutionNode = FALSE
	EndGlobalSection
	GlobalSection(ExtensibilityGlobals) = postSolution
		SolutionGuid = {6D2CF226-F740-4845-BB4F-997C012C6CB9}
	EndGlobalSection
EndGlobal
